
Microsoft Visual Studio Solution File, Format Version 12.00
# Visual Studio Version 17
VisualStudioVersion = 17.13.35931.197 d17.13
MinimumVisualStudioVersion = 10.0.40219.1
Project("{FAE04EC0-301F-11D3-BF4B-00C04F79EFBC}") = "Server", "Server\Server.csproj", "{0FCC75EA-C96F-41DD-B42B-EAE609D9A657}"
EndProject
Project("{FAE04EC0-301F-11D3-BF4B-00C04F79EFBC}") = "DB", "DB\DB.csproj", "{24BBBA02-0277-4EDA-884D-1AB40715B508}"
EndProject
Project("{FAE04EC0-301F-11D3-BF4B-00C04F79EFBC}") = "Models", "Models\Models.csproj", "{709A45BF-C7E6-4829-9AA6-1340228C81BA}"
EndProject
Project("{FAE04EC0-301F-11D3-BF4B-00C04F79EFBC}") = "Services", "Services\Services.csproj", "{29403E81-9F5C-45B5-967B-A496F81BA8FE}"
EndProject
Global
	GlobalSection(SolutionConfigurationPlatforms) = preSolution
		Debug|Any CPU = Debug|Any CPU
		Release|Any CPU = Release|Any CPU
	EndGlobalSection
	GlobalSection(ProjectConfigurationPlatforms) = postSolution
		{0FCC75EA-C96F-41DD-B42B-EAE609D9A657}.Debug|Any CPU.ActiveCfg = Debug|Any CPU
		{0FCC75EA-C96F-41DD-B42B-EAE609D9A657}.Debug|Any CPU.Build.0 = Debug|Any CPU
		{0FCC75EA-C96F-41DD-B42B-EAE609D9A657}.Release|Any CPU.ActiveCfg = Release|Any CPU
		{0FCC75EA-C96F-41DD-B42B-EAE609D9A657}.Release|Any CPU.Build.0 = Release|Any CPU
		{24BBBA02-0277-4EDA-884D-1AB40715B508}.Debug|Any CPU.ActiveCfg = Debug|Any CPU
		{24BBBA02-0277-4EDA-884D-1AB40715B508}.Debug|Any CPU.Build.0 = Debug|Any CPU
		{24BBBA02-0277-4EDA-884D-1AB40715B508}.Release|Any CPU.ActiveCfg = Release|Any CPU
		{24BBBA02-0277-4EDA-884D-1AB40715B508}.Release|Any CPU.Build.0 = Release|Any CPU
		{709A45BF-C7E6-4829-9AA6-1340228C81BA}.Debug|Any CPU.ActiveCfg = Debug|Any CPU
		{709A45BF-C7E6-4829-9AA6-1340228C81BA}.Debug|Any CPU.Build.0 = Debug|Any CPU
		{709A45BF-C7E6-4829-9AA6-1340228C81BA}.Release|Any CPU.ActiveCfg = Release|Any CPU
		{709A45BF-C7E6-4829-9AA6-1340228C81BA}.Release|Any CPU.Build.0 = Release|Any CPU
		{29403E81-9F5C-45B5-967B-A496F81BA8FE}.Debug|Any CPU.ActiveCfg = Debug|Any CPU
		{29403E81-9F5C-45B5-967B-A496F81BA8FE}.Debug|Any CPU.Build.0 = Debug|Any CPU
		{29403E81-9F5C-45B5-967B-A496F81BA8FE}.Release|Any CPU.ActiveCfg = Release|Any CPU
		{29403E81-9F5C-45B5-967B-A496F81BA8FE}.Release|Any CPU.Build.0 = Release|Any CPU
	EndGlobalSection
	GlobalSection(SolutionProperties) = preSolution
		HideSolutionNode = FALSE
	EndGlobalSection
	GlobalSection(ExtensibilityGlobals) = postSolution
		SolutionGuid = {6E19856B-2CCD-40A8-805E-E39521B24E1C}
	EndGlobalSection
EndGlobal
